
Microsoft Visual Studio Solution File, Format Version 12.00
# Visual Studio Version 16
VisualStudioVersion = 16.0.29318.209
MinimumVisualStudioVersion = 15.0.26124.0
Project("{2150E333-8FDC-42A3-9474-1A3956D46DE8}") = "src", "src", "{953A70A6-ECE6-401A-8D88-CC4042CB17F3}"
EndProject
Project("{2150E333-8FDC-42A3-9474-1A3956D46DE8}") = "docs", "docs", "{0B4C6D08-BFED-48E2-82D6-E1F2BB04F76A}"
	ProjectSection(SolutionItems) = preProject
		README.md = README.md
	EndProjectSection
EndProject
Project("{9A19103F-16F7-4668-BE54-9A1E7A4F7556}") = "Server", "src\Server\Server.csproj", "{6A3B34EE-2216-4436-B468-F84580CC2D0C}"
EndProject
Project("{9A19103F-16F7-4668-BE54-9A1E7A4F7556}") = "Client", "src\Client\Client.csproj", "{450E6B23-FB3A-4A3D-B684-7A3B5C9C6449}"
EndProject
Project("{FAE04EC0-301F-11D3-BF4B-00C04F79EFBC}") = "Kiosk", "src\Kiosk\Kiosk.csproj", "{522858D0-89A0-46FB-B231-6FB854427F3F}"
EndProject
Global
	GlobalSection(SolutionConfigurationPlatforms) = preSolution
		Debug|Any CPU = Debug|Any CPU
		Debug|x64 = Debug|x64
		Debug|x86 = Debug|x86
		Release|Any CPU = Release|Any CPU
		Release|x64 = Release|x64
		Release|x86 = Release|x86
	EndGlobalSection
	GlobalSection(ProjectConfigurationPlatforms) = postSolution
		{6A3B34EE-2216-4436-B468-F84580CC2D0C}.Debug|Any CPU.ActiveCfg = Debug|Any CPU
		{6A3B34EE-2216-4436-B468-F84580CC2D0C}.Debug|Any CPU.Build.0 = Debug|Any CPU
		{6A3B34EE-2216-4436-B468-F84580CC2D0C}.Debug|x64.ActiveCfg = Debug|Any CPU
		{6A3B34EE-2216-4436-B468-F84580CC2D0C}.Debug|x64.Build.0 = Debug|Any CPU
		{6A3B34EE-2216-4436-B468-F84580CC2D0C}.Debug|x86.ActiveCfg = Debug|Any CPU
		{6A3B34EE-2216-4436-B468-F84580CC2D0C}.Debug|x86.Build.0 = Debug|Any CPU
		{6A3B34EE-2216-4436-B468-F84580CC2D0C}.Release|Any CPU.ActiveCfg = Release|Any CPU
		{6A3B34EE-2216-4436-B468-F84580CC2D0C}.Release|Any CPU.Build.0 = Release|Any CPU
		{6A3B34EE-2216-4436-B468-F84580CC2D0C}.Release|x64.ActiveCfg = Release|Any CPU
		{6A3B34EE-2216-4436-B468-F84580CC2D0C}.Release|x64.Build.0 = Release|Any CPU
		{6A3B34EE-2216-4436-B468-F84580CC2D0C}.Release|x86.ActiveCfg = Release|Any CPU
		{6A3B34EE-2216-4436-B468-F84580CC2D0C}.Release|x86.Build.0 = Release|Any CPU
		{450E6B23-FB3A-4A3D-B684-7A3B5C9C6449}.Debug|Any CPU.ActiveCfg = Debug|Any CPU
		{450E6B23-FB3A-4A3D-B684-7A3B5C9C6449}.Debug|Any CPU.Build.0 = Debug|Any CPU
		{450E6B23-FB3A-4A3D-B684-7A3B5C9C6449}.Debug|x64.ActiveCfg = Debug|Any CPU
		{450E6B23-FB3A-4A3D-B684-7A3B5C9C6449}.Debug|x64.Build.0 = Debug|Any CPU
		{450E6B23-FB3A-4A3D-B684-7A3B5C9C6449}.Debug|x86.ActiveCfg = Debug|Any CPU
		{450E6B23-FB3A-4A3D-B684-7A3B5C9C6449}.Debug|x86.Build.0 = Debug|Any CPU
		{450E6B23-FB3A-4A3D-B684-7A3B5C9C6449}.Release|Any CPU.ActiveCfg = Release|Any CPU
		{450E6B23-FB3A-4A3D-B684-7A3B5C9C6449}.Release|Any CPU.Build.0 = Release|Any CPU
		{450E6B23-FB3A-4A3D-B684-7A3B5C9C6449}.Release|x64.ActiveCfg = Release|Any CPU
		{450E6B23-FB3A-4A3D-B684-7A3B5C9C6449}.Release|x64.Build.0 = Release|Any CPU
		{450E6B23-FB3A-4A3D-B684-7A3B5C9C6449}.Release|x86.ActiveCfg = Release|Any CPU
		{450E6B23-FB3A-4A3D-B684-7A3B5C9C6449}.Release|x86.Build.0 = Release|Any CPU
		{522858D0-89A0-46FB-B231-6FB854427F3F}.Debug|Any CPU.ActiveCfg = Debug|Any CPU
		{522858D0-89A0-46FB-B231-6FB854427F3F}.Debug|Any CPU.Build.0 = Debug|Any CPU
		{522858D0-89A0-46FB-B231-6FB854427F3F}.Debug|x64.ActiveCfg = Debug|Any CPU
		{522858D0-89A0-46FB-B231-6FB854427F3F}.Debug|x64.Build.0 = Debug|Any CPU
		{522858D0-89A0-46FB-B231-6FB854427F3F}.Debug|x86.ActiveCfg = Debug|Any CPU
		{522858D0-89A0-46FB-B231-6FB854427F3F}.Debug|x86.Build.0 = Debug|Any CPU
		{522858D0-89A0-46FB-B231-6FB854427F3F}.Release|Any CPU.ActiveCfg = Release|Any CPU
		{522858D0-89A0-46FB-B231-6FB854427F3F}.Release|Any CPU.Build.0 = Release|Any CPU
		{522858D0-89A0-46FB-B231-6FB854427F3F}.Release|x64.ActiveCfg = Release|Any CPU
		{522858D0-89A0-46FB-B231-6FB854427F3F}.Release|x64.Build.0 = Release|Any CPU
		{522858D0-89A0-46FB-B231-6FB854427F3F}.Release|x86.ActiveCfg = Release|Any CPU
		{522858D0-89A0-46FB-B231-6FB854427F3F}.Release|x86.Build.0 = Release|Any CPU
	EndGlobalSection
	GlobalSection(SolutionProperties) = preSolution
		HideSolutionNode = FALSE
	EndGlobalSection
	GlobalSection(NestedProjects) = preSolution
		{6A3B34EE-2216-4436-B468-F84580CC2D0C} = {953A70A6-ECE6-401A-8D88-CC4042CB17F3}
		{450E6B23-FB3A-4A3D-B684-7A3B5C9C6449} = {953A70A6-ECE6-401A-8D88-CC4042CB17F3}
		{522858D0-89A0-46FB-B231-6FB854427F3F} = {953A70A6-ECE6-401A-8D88-CC4042CB17F3}
	EndGlobalSection
	GlobalSection(ExtensibilityGlobals) = postSolution
		SolutionGuid = {96BFD71B-ABDE-4B98-B81E-B7007CDB6D66}
	EndGlobalSection
EndGlobal
